
Microsoft Visual Studio Solution File, Format Version 12.00
# Visual Studio Version 16
VisualStudioVersion = 16.0.30114.105
MinimumVisualStudioVersion = 10.0.40219.1
Project("{FAE04EC0-301F-11D3-BF4B-00C04F79EFBC}") = "ISC.Netcode", "ISC.Netcode\ISC.Netcode.csproj", "{9FCE737A-7966-4CA8-A00F-337A776287D4}"
EndProject
Project("{FAE04EC0-301F-11D3-BF4B-00C04F79EFBC}") = "ISC.Netcode.UnitTests", "ISC.Netcode.UnitTests\ISC.Netcode.UnitTests.csproj", "{86295D76-89A4-46E0-9F33-C9C786687E1B}"
EndProject
Project("{FAE04EC0-301F-11D3-BF4B-00C04F79EFBC}") = "ISC.Netcode.Client", "ISC.Netcode.Client\ISC.Netcode.Client.csproj", "{1430A9C1-9703-4730-A28D-64750AD69E8D}"
EndProject
Project("{FAE04EC0-301F-11D3-BF4B-00C04F79EFBC}") = "ISC.Netcode.Server", "ISC.Netcode.Server\ISC.Netcode.Server.csproj", "{533AF5A2-DD67-4D3B-BF9D-CCDA361D8E54}"
EndProject
Global
	GlobalSection(SolutionConfigurationPlatforms) = preSolution
		Debug|Any CPU = Debug|Any CPU
		Release|Any CPU = Release|Any CPU
	EndGlobalSection
	GlobalSection(SolutionProperties) = preSolution
		HideSolutionNode = FALSE
	EndGlobalSection
	GlobalSection(ProjectConfigurationPlatforms) = postSolution
		{9FCE737A-7966-4CA8-A00F-337A776287D4}.Debug|Any CPU.ActiveCfg = Debug|Any CPU
		{9FCE737A-7966-4CA8-A00F-337A776287D4}.Debug|Any CPU.Build.0 = Debug|Any CPU
		{9FCE737A-7966-4CA8-A00F-337A776287D4}.Release|Any CPU.ActiveCfg = Release|Any CPU
		{9FCE737A-7966-4CA8-A00F-337A776287D4}.Release|Any CPU.Build.0 = Release|Any CPU
		{86295D76-89A4-46E0-9F33-C9C786687E1B}.Debug|Any CPU.ActiveCfg = Debug|Any CPU
		{86295D76-89A4-46E0-9F33-C9C786687E1B}.Debug|Any CPU.Build.0 = Debug|Any CPU
		{86295D76-89A4-46E0-9F33-C9C786687E1B}.Release|Any CPU.ActiveCfg = Release|Any CPU
		{86295D76-89A4-46E0-9F33-C9C786687E1B}.Release|Any CPU.Build.0 = Release|Any CPU
		{1430A9C1-9703-4730-A28D-64750AD69E8D}.Debug|Any CPU.ActiveCfg = Debug|Any CPU
		{1430A9C1-9703-4730-A28D-64750AD69E8D}.Debug|Any CPU.Build.0 = Debug|Any CPU
		{1430A9C1-9703-4730-A28D-64750AD69E8D}.Release|Any CPU.ActiveCfg = Release|Any CPU
		{1430A9C1-9703-4730-A28D-64750AD69E8D}.Release|Any CPU.Build.0 = Release|Any CPU
		{533AF5A2-DD67-4D3B-BF9D-CCDA361D8E54}.Debug|Any CPU.ActiveCfg = Debug|Any CPU
		{533AF5A2-DD67-4D3B-BF9D-CCDA361D8E54}.Debug|Any CPU.Build.0 = Debug|Any CPU
		{533AF5A2-DD67-4D3B-BF9D-CCDA361D8E54}.Release|Any CPU.ActiveCfg = Release|Any CPU
		{533AF5A2-DD67-4D3B-BF9D-CCDA361D8E54}.Release|Any CPU.Build.0 = Release|Any CPU
	EndGlobalSection
EndGlobal
